// !$*UTF8*$!
{
	archiveVersion = 1;
	classes = {
	};
	objectVersion = 50;
	objects = {

/* Begin PBXBuildFile section */
		FF25F249256DA14E00B32A87 /* CoreDataProjectApp.swift in Sources */ = {isa = PBXBuildFile; fileRef = FF25F248256DA14E00B32A87 /* CoreDataProjectApp.swift */; };
		FF25F24B256DA14E00B32A87 /* ContentView.swift in Sources */ = {isa = PBXBuildFile; fileRef = FF25F24A256DA14E00B32A87 /* ContentView.swift */; };
		FF25F24D256DA15000B32A87 /* Assets.xcassets in Resources */ = {isa = PBXBuildFile; fileRef = FF25F24C256DA15000B32A87 /* Assets.xcassets */; };
		FF25F250256DA15000B32A87 /* Preview Assets.xcassets in Resources */ = {isa = PBXBuildFile; fileRef = FF25F24F256DA15000B32A87 /* Preview Assets.xcassets */; };
		FF25F252256DA15000B32A87 /* Persistence.swift in Sources */ = {isa = PBXBuildFile; fileRef = FF25F251256DA15000B32A87 /* Persistence.swift */; };
		FF25F255256DA15000B32A87 /* CoreDataProject.xcdatamodeld in Sources */ = {isa = PBXBuildFile; fileRef = FF25F253256DA15000B32A87 /* CoreDataProject.xcdatamodeld */; };
		FF25F260256DA15000B32A87 /* CoreDataProjectTests.swift in Sources */ = {isa = PBXBuildFile; fileRef = FF25F25F256DA15000B32A87 /* CoreDataProjectTests.swift */; };
		FF25F26B256DA15100B32A87 /* CoreDataProjectUITests.swift in Sources */ = {isa = PBXBuildFile; fileRef = FF25F26A256DA15100B32A87 /* CoreDataProjectUITests.swift */; };
		FF25F2A7256DAF2700B32A87 /* Singer+CoreDataClass.swift in Sources */ = {isa = PBXBuildFile; fileRef = FF25F2A5256DAF2700B32A87 /* Singer+CoreDataClass.swift */; };
		FF25F2A8256DAF2700B32A87 /* Singer+CoreDataProperties.swift in Sources */ = {isa = PBXBuildFile; fileRef = FF25F2A6256DAF2700B32A87 /* Singer+CoreDataProperties.swift */; };
		FF25F2AD256DAFF400B32A87 /* FilteredList.swift in Sources */ = {isa = PBXBuildFile; fileRef = FF25F2AC256DAFF400B32A87 /* FilteredList.swift */; };
/* End PBXBuildFile section */

/* Begin PBXContainerItemProxy section */
		FF25F25C256DA15000B32A87 /* PBXContainerItemProxy */ = {
			isa = PBXContainerItemProxy;
			containerPortal = FF25F23D256DA14E00B32A87 /* Project object */;
			proxyType = 1;
			remoteGlobalIDString = FF25F244256DA14E00B32A87;
			remoteInfo = CoreDataProject;
		};
		FF25F267256DA15100B32A87 /* PBXContainerItemProxy */ = {
			isa = PBXContainerItemProxy;
			containerPortal = FF25F23D256DA14E00B32A87 /* Project object */;
			proxyType = 1;
			remoteGlobalIDString = FF25F244256DA14E00B32A87;
			remoteInfo = CoreDataProject;
		};
/* End PBXContainerItemProxy section */

/* Begin PBXFileReference section */
		FF25F245256DA14E00B32A87 /* CoreDataProject.app */ = {isa = PBXFileReference; explicitFileType = wrapper.application; includeInIndex = 0; path = CoreDataProject.app; sourceTree = BUILT_PRODUCTS_DIR; };
		FF25F248256DA14E00B32A87 /* CoreDataProjectApp.swift */ = {isa = PBXFileReference; lastKnownFileType = sourcecode.swift; path = CoreDataProjectApp.swift; sourceTree = "<group>"; };
		FF25F24A256DA14E00B32A87 /* ContentView.swift */ = {isa = PBXFileReference; lastKnownFileType = sourcecode.swift; path = ContentView.swift; sourceTree = "<group>"; };
		FF25F24C256DA15000B32A87 /* Assets.xcassets */ = {isa = PBXFileReference; lastKnownFileType = folder.assetcatalog; path = Assets.xcassets; sourceTree = "<group>"; };
		FF25F24F256DA15000B32A87 /* Preview Assets.xcassets */ = {isa = PBXFileReference; lastKnownFileType = folder.assetcatalog; path = "Preview Assets.xcassets"; sourceTree = "<group>"; };
		FF25F251256DA15000B32A87 /* Persistence.swift */ = {isa = PBXFileReference; lastKnownFileType = sourcecode.swift; path = Persistence.swift; sourceTree = "<group>"; };
		FF25F254256DA15000B32A87 /* CoreDataProject.xcdatamodel */ = {isa = PBXFileReference; lastKnownFileType = wrapper.xcdatamodel; path = CoreDataProject.xcdatamodel; sourceTree = "<group>"; };
		FF25F256256DA15000B32A87 /* Info.plist */ = {isa = PBXFileReference; lastKnownFileType = text.plist.xml; path = Info.plist; sourceTree = "<group>"; };
		FF25F25B256DA15000B32A87 /* CoreDataProjectTests.xctest */ = {isa = PBXFileReference; explicitFileType = wrapper.cfbundle; includeInIndex = 0; path = CoreDataProjectTests.xctest; sourceTree = BUILT_PRODUCTS_DIR; };
		FF25F25F256DA15000B32A87 /* CoreDataProjectTests.swift */ = {isa = PBXFileReference; lastKnownFileType = sourcecode.swift; path = CoreDataProjectTests.swift; sourceTree = "<group>"; };
		FF25F261256DA15000B32A87 /* Info.plist */ = {isa = PBXFileReference; lastKnownFileType = text.plist.xml; path = Info.plist; sourceTree = "<group>"; };
		FF25F266256DA15100B32A87 /* CoreDataProjectUITests.xctest */ = {isa = PBXFileReference; explicitFileType = wrapper.cfbundle; includeInIndex = 0; path = CoreDataProjectUITests.xctest; sourceTree = BUILT_PRODUCTS_DIR; };
		FF25F26A256DA15100B32A87 /* CoreDataProjectUITests.swift */ = {isa = PBXFileReference; lastKnownFileType = sourcecode.swift; path = CoreDataProjectUITests.swift; sourceTree = "<group>"; };
		FF25F26C256DA15100B32A87 /* Info.plist */ = {isa = PBXFileReference; lastKnownFileType = text.plist.xml; path = Info.plist; sourceTree = "<group>"; };
		FF25F2A5256DAF2700B32A87 /* Singer+CoreDataClass.swift */ = {isa = PBXFileReference; lastKnownFileType = sourcecode.swift; path = "Singer+CoreDataClass.swift"; sourceTree = "<group>"; };
		FF25F2A6256DAF2700B32A87 /* Singer+CoreDataProperties.swift */ = {isa = PBXFileReference; lastKnownFileType = sourcecode.swift; path = "Singer+CoreDataProperties.swift"; sourceTree = "<group>"; };
		FF25F2AC256DAFF400B32A87 /* FilteredList.swift */ = {isa = PBXFileReference; lastKnownFileType = sourcecode.swift; path = FilteredList.swift; sourceTree = "<group>"; };
/* End PBXFileReference section */

/* Begin PBXFrameworksBuildPhase section */
		FF25F242256DA14E00B32A87 /* Frameworks */ = {
			isa = PBXFrameworksBuildPhase;
			buildActionMask = 2147483647;
			files = (
			);
			runOnlyForDeploymentPostprocessing = 0;
		};
		FF25F258256DA15000B32A87 /* Frameworks */ = {
			isa = PBXFrameworksBuildPhase;
			buildActionMask = 2147483647;
			files = (
			);
			runOnlyForDeploymentPostprocessing = 0;
		};
		FF25F263256DA15100B32A87 /* Frameworks */ = {
			isa = PBXFrameworksBuildPhase;
			buildActionMask = 2147483647;
			files = (
			);
			runOnlyForDeploymentPostprocessing = 0;
		};
/* End PBXFrameworksBuildPhase section */

/* Begin PBXGroup section */
		FF25F23C256DA14E00B32A87 = {
			isa = PBXGroup;
			children = (
				FF25F247256DA14E00B32A87 /* CoreDataProject */,
				FF25F25E256DA15000B32A87 /* CoreDataProjectTests */,
				FF25F269256DA15100B32A87 /* CoreDataProjectUITests */,
				FF25F246256DA14E00B32A87 /* Products */,
			);
			sourceTree = "<group>";
		};
		FF25F246256DA14E00B32A87 /* Products */ = {
			isa = PBXGroup;
			children = (
				FF25F245256DA14E00B32A87 /* CoreDataProject.app */,
				FF25F25B256DA15000B32A87 /* CoreDataProjectTests.xctest */,
				FF25F266256DA15100B32A87 /* CoreDataProjectUITests.xctest */,
			);
			name = Products;
			sourceTree = "<group>";
		};
		FF25F247256DA14E00B32A87 /* CoreDataProject */ = {
			isa = PBXGroup;
			children = (
				FF25F2A5256DAF2700B32A87 /* Singer+CoreDataClass.swift */,
				FF25F2A6256DAF2700B32A87 /* Singer+CoreDataProperties.swift */,
				FF25F248256DA14E00B32A87 /* CoreDataProjectApp.swift */,
				FF25F24A256DA14E00B32A87 /* ContentView.swift */,
				FF25F2AC256DAFF400B32A87 /* FilteredList.swift */,
				FF25F24C256DA15000B32A87 /* Assets.xcassets */,
				FF25F251256DA15000B32A87 /* Persistence.swift */,
				FF25F256256DA15000B32A87 /* Info.plist */,
				FF25F253256DA15000B32A87 /* CoreDataProject.xcdatamodeld */,
				FF25F24E256DA15000B32A87 /* Preview Content */,
			);
			path = CoreDataProject;
			sourceTree = "<group>";
		};
		FF25F24E256DA15000B32A87 /* Preview Content */ = {
			isa = PBXGroup;
			children = (
				FF25F24F256DA15000B32A87 /* Preview Assets.xcassets */,
			);
			path = "Preview Content";
			sourceTree = "<group>";
		};
		FF25F25E256DA15000B32A87 /* CoreDataProjectTests */ = {
			isa = PBXGroup;
			children = (
				FF25F25F256DA15000B32A87 /* CoreDataProjectTests.swift */,
				FF25F261256DA15000B32A87 /* Info.plist */,
			);
			path = CoreDataProjectTests;
			sourceTree = "<group>";
		};
		FF25F269256DA15100B32A87 /* CoreDataProjectUITests */ = {
			isa = PBXGroup;
			children = (
				FF25F26A256DA15100B32A87 /* CoreDataProjectUITests.swift */,
				FF25F26C256DA15100B32A87 /* Info.plist */,
			);
			path = CoreDataProjectUITests;
			sourceTree = "<group>";
		};
/* End PBXGroup section */

/* Begin PBXNativeTarget section */
		FF25F244256DA14E00B32A87 /* CoreDataProject */ = {
			isa = PBXNativeTarget;
			buildConfigurationList = FF25F26F256DA15100B32A87 /* Build configuration list for PBXNativeTarget "CoreDataProject" */;
			buildPhases = (
				FF25F241256DA14E00B32A87 /* Sources */,
				FF25F242256DA14E00B32A87 /* Frameworks */,
				FF25F243256DA14E00B32A87 /* Resources */,
			);
			buildRules = (
			);
			dependencies = (
			);
			name = CoreDataProject;
			productName = CoreDataProject;
			productReference = FF25F245256DA14E00B32A87 /* CoreDataProject.app */;
			productType = "com.apple.product-type.application";
		};
		FF25F25A256DA15000B32A87 /* CoreDataProjectTests */ = {
			isa = PBXNativeTarget;
			buildConfigurationList = FF25F272256DA15100B32A87 /* Build configuration list for PBXNativeTarget "CoreDataProjectTests" */;
			buildPhases = (
				FF25F257256DA15000B32A87 /* Sources */,
				FF25F258256DA15000B32A87 /* Frameworks */,
				FF25F259256DA15000B32A87 /* Resources */,
			);
			buildRules = (
			);
			dependencies = (
				FF25F25D256DA15000B32A87 /* PBXTargetDependency */,
			);
			name = CoreDataProjectTests;
			productName = CoreDataProjectTests;
			productReference = FF25F25B256DA15000B32A87 /* CoreDataProjectTests.xctest */;
			productType = "com.apple.product-type.bundle.unit-test";
		};
		FF25F265256DA15100B32A87 /* CoreDataProjectUITests */ = {
			isa = PBXNativeTarget;
			buildConfigurationList = FF25F275256DA15100B32A87 /* Build configuration list for PBXNativeTarget "CoreDataProjectUITests" */;
			buildPhases = (
				FF25F262256DA15100B32A87 /* Sources */,
				FF25F263256DA15100B32A87 /* Frameworks */,
				FF25F264256DA15100B32A87 /* Resources */,
			);
			buildRules = (
			);
			dependencies = (
				FF25F268256DA15100B32A87 /* PBXTargetDependency */,
			);
			name = CoreDataProjectUITests;
			productName = CoreDataProjectUITests;
			productReference = FF25F266256DA15100B32A87 /* CoreDataProjectUITests.xctest */;
			productType = "com.apple.product-type.bundle.ui-testing";
		};
/* End PBXNativeTarget section */

/* Begin PBXProject section */
		FF25F23D256DA14E00B32A87 /* Project object */ = {
			isa = PBXProject;
			attributes = {
				LastSwiftUpdateCheck = 1220;
				LastUpgradeCheck = 1220;
				TargetAttributes = {
					FF25F244256DA14E00B32A87 = {
						CreatedOnToolsVersion = 12.2;
					};
					FF25F25A256DA15000B32A87 = {
						CreatedOnToolsVersion = 12.2;
						TestTargetID = FF25F244256DA14E00B32A87;
					};
					FF25F265256DA15100B32A87 = {
						CreatedOnToolsVersion = 12.2;
						TestTargetID = FF25F244256DA14E00B32A87;
					};
				};
			};
			buildConfigurationList = FF25F240256DA14E00B32A87 /* Build configuration list for PBXProject "CoreDataProject" */;
			compatibilityVersion = "Xcode 9.3";
			developmentRegion = en;
			hasScannedForEncodings = 0;
			knownRegions = (
				en,
				Base,
			);
			mainGroup = FF25F23C256DA14E00B32A87;
			productRefGroup = FF25F246256DA14E00B32A87 /* Products */;
			projectDirPath = "";
			projectRoot = "";
			targets = (
				FF25F244256DA14E00B32A87 /* CoreDataProject */,
				FF25F25A256DA15000B32A87 /* CoreDataProjectTests */,
				FF25F265256DA15100B32A87 /* CoreDataProjectUITests */,
			);
		};
/* End PBXProject section */

/* Begin PBXResourcesBuildPhase section */
		FF25F243256DA14E00B32A87 /* Resources */ = {
			isa = PBXResourcesBuildPhase;
			buildActionMask = 2147483647;
			files = (
				FF25F250256DA15000B32A87 /* Preview Assets.xcassets in Resources */,
				FF25F24D256DA15000B32A87 /* Assets.xcassets in Resources */,
			);
			runOnlyForDeploymentPostprocessing = 0;
		};
		FF25F259256DA15000B32A87 /* Resources */ = {
			isa = PBXResourcesBuildPhase;
			buildActionMask = 2147483647;
			files = (
			);
			runOnlyForDeploymentPostprocessing = 0;
		};
		FF25F264256DA15100B32A87 /* Resources */ = {
			isa = PBXResourcesBuildPhase;
			buildActionMask = 2147483647;
			files = (
			);
			runOnlyForDeploymentPostprocessing = 0;
		};
/* End PBXResourcesBuildPhase section */

/* Begin PBXSourcesBuildPhase section */
		FF25F241256DA14E00B32A87 /* Sources */ = {
			isa = PBXSourcesBuildPhase;
			buildActionMask = 2147483647;
			files = (
				FF25F252256DA15000B32A87 /* Persistence.swift in Sources */,
				FF25F2A8256DAF2700B32A87 /* Singer+CoreDataProperties.swift in Sources */,
				FF25F24B256DA14E00B32A87 /* ContentView.swift in Sources */,
				FF25F2A7256DAF2700B32A87 /* Singer+CoreDataClass.swift in Sources */,
				FF25F255256DA15000B32A87 /* CoreDataProject.xcdatamodeld in Sources */,
				FF25F249256DA14E00B32A87 /* CoreDataProjectApp.swift in Sources */,
				FF25F2AD256DAFF400B32A87 /* FilteredList.swift in Sources */,
			);
			runOnlyForDeploymentPostprocessing = 0;
		};
		FF25F257256DA15000B32A87 /* Sources */ = {
			isa = PBXSourcesBuildPhase;
			buildActionMask = 2147483647;
			files = (
				FF25F260256DA15000B32A87 /* CoreDataProjectTests.swift in Sources */,
			);
			runOnlyForDeploymentPostprocessing = 0;
		};
		FF25F262256DA15100B32A87 /* Sources */ = {
			isa = PBXSourcesBuildPhase;
			buildActionMask = 2147483647;
			files = (
				FF25F26B256DA15100B32A87 /* CoreDataProjectUITests.swift in Sources */,
			);
			runOnlyForDeploymentPostprocessing = 0;
		};
/* End PBXSourcesBuildPhase section */

/* Begin PBXTargetDependency section */
		FF25F25D256DA15000B32A87 /* PBXTargetDependency */ = {
			isa = PBXTargetDependency;
			target = FF25F244256DA14E00B32A87 /* CoreDataProject */;
			targetProxy = FF25F25C256DA15000B32A87 /* PBXContainerItemProxy */;
		};
		FF25F268256DA15100B32A87 /* PBXTargetDependency */ = {
			isa = PBXTargetDependency;
			target = FF25F244256DA14E00B32A87 /* CoreDataProject */;
			targetProxy = FF25F267256DA15100B32A87 /* PBXContainerItemProxy */;
		};
/* End PBXTargetDependency section */

/* Begin XCBuildConfiguration section */
		FF25F26D256DA15100B32A87 /* Debug */ = {
			isa = XCBuildConfiguration;
			buildSettings = {
				ALWAYS_SEARCH_USER_PATHS = NO;
				CLANG_ANALYZER_NONNULL = YES;
				CLANG_ANALYZER_NUMBER_OBJECT_CONVERSION = YES_AGGRESSIVE;
				CLANG_CXX_LANGUAGE_STANDARD = "gnu++14";
				CLANG_CXX_LIBRARY = "libc++";
				CLANG_ENABLE_MODULES = YES;
				CLANG_ENABLE_OBJC_ARC = YES;
				CLANG_ENABLE_OBJC_WEAK = YES;
				CLANG_WARN_BLOCK_CAPTURE_AUTORELEASING = YES;
				CLANG_WARN_BOOL_CONVERSION = YES;
				CLANG_WARN_COMMA = YES;
				CLANG_WARN_CONSTANT_CONVERSION = YES;
				CLANG_WARN_DEPRECATED_OBJC_IMPLEMENTATIONS = YES;
				CLANG_WARN_DIRECT_OBJC_ISA_USAGE = YES_ERROR;
				CLANG_WARN_DOCUMENTATION_COMMENTS = YES;
				CLANG_WARN_EMPTY_BODY = YES;
				CLANG_WARN_ENUM_CONVERSION = YES;
				CLANG_WARN_INFINITE_RECURSION = YES;
				CLANG_WARN_INT_CONVERSION = YES;
				CLANG_WARN_NON_LITERAL_NULL_CONVERSION = YES;
				CLANG_WARN_OBJC_IMPLICIT_RETAIN_SELF = YES;
				CLANG_WARN_OBJC_LITERAL_CONVERSION = YES;
				CLANG_WARN_OBJC_ROOT_CLASS = YES_ERROR;
				CLANG_WARN_QUOTED_INCLUDE_IN_FRAMEWORK_HEADER = YES;
				CLANG_WARN_RANGE_LOOP_ANALYSIS = YES;
				CLANG_WARN_STRICT_PROTOTYPES = YES;
				CLANG_WARN_SUSPICIOUS_MOVE = YES;
				CLANG_WARN_UNGUARDED_AVAILABILITY = YES_AGGRESSIVE;
				CLANG_WARN_UNREACHABLE_CODE = YES;
				CLANG_WARN__DUPLICATE_METHOD_MATCH = YES;
				COPY_PHASE_STRIP = NO;
				DEBUG_INFORMATION_FORMAT = dwarf;
				ENABLE_STRICT_OBJC_MSGSEND = YES;
				ENABLE_TESTABILITY = YES;
				GCC_C_LANGUAGE_STANDARD = gnu11;
				GCC_DYNAMIC_NO_PIC = NO;
				GCC_NO_COMMON_BLOCKS = YES;
				GCC_OPTIMIZATION_LEVEL = 0;
				GCC_PREPROCESSOR_DEFINITIONS = (
					"DEBUG=1",
					"$(inherited)",
				);
				GCC_WARN_64_TO_32_BIT_CONVERSION = YES;
				GCC_WARN_ABOUT_RETURN_TYPE = YES_ERROR;
				GCC_WARN_UNDECLARED_SELECTOR = YES;
				GCC_WARN_UNINITIALIZED_AUTOS = YES_AGGRESSIVE;
				GCC_WARN_UNUSED_FUNCTION = YES;
				GCC_WARN_UNUSED_VARIABLE = YES;
				IPHONEOS_DEPLOYMENT_TARGET = 14.2;
				MTL_ENABLE_DEBUG_INFO = INCLUDE_SOURCE;
				MTL_FAST_MATH = YES;
				ONLY_ACTIVE_ARCH = YES;
				SDKROOT = iphoneos;
				SWIFT_ACTIVE_COMPILATION_CONDITIONS = DEBUG;
				SWIFT_OPTIMIZATION_LEVEL = "-Onone";
			};
			name = Debug;
		};
		FF25F26E256DA15100B32A87 /* Release */ = {
			isa = XCBuildConfiguration;
			buildSettings = {
				ALWAYS_SEARCH_USER_PATHS = NO;
				CLANG_ANALYZER_NONNULL = YES;
				CLANG_ANALYZER_NUMBER_OBJECT_CONVERSION = YES_AGGRESSIVE;
				CLANG_CXX_LANGUAGE_STANDARD = "gnu++14";
				CLANG_CXX_LIBRARY = "libc++";
				CLANG_ENABLE_MODULES = YES;
				CLANG_ENABLE_OBJC_ARC = YES;
				CLANG_ENABLE_OBJC_WEAK = YES;
				CLANG_WARN_BLOCK_CAPTURE_AUTORELEASING = YES;
				CLANG_WARN_BOOL_CONVERSION = YES;
				CLANG_WARN_COMMA = YES;
				CLANG_WARN_CONSTANT_CONVERSION = YES;
				CLANG_WARN_DEPRECATED_OBJC_IMPLEMENTATIONS = YES;
				CLANG_WARN_DIRECT_OBJC_ISA_USAGE = YES_ERROR;
				CLANG_WARN_DOCUMENTATION_COMMENTS = YES;
				CLANG_WARN_EMPTY_BODY = YES;
				CLANG_WARN_ENUM_CONVERSION = YES;
				CLANG_WARN_INFINITE_RECURSION = YES;
				CLANG_WARN_INT_CONVERSION = YES;
				CLANG_WARN_NON_LITERAL_NULL_CONVERSION = YES;
				CLANG_WARN_OBJC_IMPLICIT_RETAIN_SELF = YES;
				CLANG_WARN_OBJC_LITERAL_CONVERSION = YES;
				CLANG_WARN_OBJC_ROOT_CLASS = YES_ERROR;
				CLANG_WARN_QUOTED_INCLUDE_IN_FRAMEWORK_HEADER = YES;
				CLANG_WARN_RANGE_LOOP_ANALYSIS = YES;
				CLANG_WARN_STRICT_PROTOTYPES = YES;
				CLANG_WARN_SUSPICIOUS_MOVE = YES;
				CLANG_WARN_UNGUARDED_AVAILABILITY = YES_AGGRESSIVE;
				CLANG_WARN_UNREACHABLE_CODE = YES;
				CLANG_WARN__DUPLICATE_METHOD_MATCH = YES;
				COPY_PHASE_STRIP = NO;
				DEBUG_INFORMATION_FORMAT = "dwarf-with-dsym";
				ENABLE_NS_ASSERTIONS = NO;
				ENABLE_STRICT_OBJC_MSGSEND = YES;
				GCC_C_LANGUAGE_STANDARD = gnu11;
				GCC_NO_COMMON_BLOCKS = YES;
				GCC_WARN_64_TO_32_BIT_CONVERSION = YES;
				GCC_WARN_ABOUT_RETURN_TYPE = YES_ERROR;
				GCC_WARN_UNDECLARED_SELECTOR = YES;
				GCC_WARN_UNINITIALIZED_AUTOS = YES_AGGRESSIVE;
				GCC_WARN_UNUSED_FUNCTION = YES;
				GCC_WARN_UNUSED_VARIABLE = YES;
				IPHONEOS_DEPLOYMENT_TARGET = 14.2;
				MTL_ENABLE_DEBUG_INFO = NO;
				MTL_FAST_MATH = YES;
				SDKROOT = iphoneos;
				SWIFT_COMPILATION_MODE = wholemodule;
				SWIFT_OPTIMIZATION_LEVEL = "-O";
				VALIDATE_PRODUCT = YES;
			};
			name = Release;
		};
		FF25F270256DA15100B32A87 /* Debug */ = {
			isa = XCBuildConfiguration;
			buildSettings = {
				ASSETCATALOG_COMPILER_APPICON_NAME = AppIcon;
				ASSETCATALOG_COMPILER_GLOBAL_ACCENT_COLOR_NAME = AccentColor;
				CODE_SIGN_STYLE = Automatic;
				DEVELOPMENT_ASSET_PATHS = "\"CoreDataProject/Preview Content\"";
				DEVELOPMENT_TEAM = 2Z33772VE8;
				ENABLE_PREVIEWS = YES;
				INFOPLIST_FILE = CoreDataProject/Info.plist;
				IPHONEOS_DEPLOYMENT_TARGET = 14.0;
				LD_RUNPATH_SEARCH_PATHS = (
					"$(inherited)",
					"@executable_path/Frameworks",
				);
				PRODUCT_BUNDLE_IDENTIFIER = com.averyvine.CoreDataProject;
				PRODUCT_NAME = "$(TARGET_NAME)";
				SWIFT_VERSION = 5.0;
				TARGETED_DEVICE_FAMILY = "1,2";
			};
			name = Debug;
		};
		FF25F271256DA15100B32A87 /* Release */ = {
			isa = XCBuildConfiguration;
			buildSettings = {
				ASSETCATALOG_COMPILER_APPICON_NAME = AppIcon;
				ASSETCATALOG_COMPILER_GLOBAL_ACCENT_COLOR_NAME = AccentColor;
				CODE_SIGN_STYLE = Automatic;
				DEVELOPMENT_ASSET_PATHS = "\"CoreDataProject/Preview Content\"";
				DEVELOPMENT_TEAM = 2Z33772VE8;
				ENABLE_PREVIEWS = YES;
				INFOPLIST_FILE = CoreDataProject/Info.plist;
				IPHONEOS_DEPLOYMENT_TARGET = 14.0;
				LD_RUNPATH_SEARCH_PATHS = (
					"$(inherited)",
					"@executable_path/Frameworks",
				);
				PRODUCT_BUNDLE_IDENTIFIER = com.averyvine.CoreDataProject;
				PRODUCT_NAME = "$(TARGET_NAME)";
				SWIFT_VERSION = 5.0;
				TARGETED_DEVICE_FAMILY = "1,2";
			};
			name = Release;
		};
		FF25F273256DA15100B32A87 /* Debug */ = {
			isa = XCBuildConfiguration;
			buildSettings = {
				ALWAYS_EMBED_SWIFT_STANDARD_LIBRARIES = YES;
				BUNDLE_LOADER = "$(TEST_HOST)";
				CODE_SIGN_STYLE = Automatic;
				DEVELOPMENT_TEAM = 2Z33772VE8;
				INFOPLIST_FILE = CoreDataProjectTests/Info.plist;
				IPHONEOS_DEPLOYMENT_TARGET = 14.0;
				LD_RUNPATH_SEARCH_PATHS = (
					"$(inherited)",
					"@executable_path/Frameworks",
					"@loader_path/Frameworks",
				);
				PRODUCT_BUNDLE_IDENTIFIER = com.averyvine.CoreDataProjectTests;
				PRODUCT_NAME = "$(TARGET_NAME)";
				SWIFT_VERSION = 5.0;
				TARGETED_DEVICE_FAMILY = "1,2";
				TEST_HOST = "$(BUILT_PRODUCTS_DIR)/CoreDataProject.app/CoreDataProject";
			};
			name = Debug;
		};
		FF25F274256DA15100B32A87 /* Release */ = {
			isa = XCBuildConfiguration;
			buildSettings = {
				ALWAYS_EMBED_SWIFT_STANDARD_LIBRARIES = YES;
				BUNDLE_LOADER = "$(TEST_HOST)";
				CODE_SIGN_STYLE = Automatic;
				DEVELOPMENT_TEAM = 2Z33772VE8;
				INFOPLIST_FILE = CoreDataProjectTests/Info.plist;
				IPHONEOS_DEPLOYMENT_TARGET = 14.0;
				LD_RUNPATH_SEARCH_PATHS = (
					"$(inherited)",
					"@executable_path/Frameworks",
					"@loader_path/Frameworks",
				);
				PRODUCT_BUNDLE_IDENTIFIER = com.averyvine.CoreDataProjectTests;
				PRODUCT_NAME = "$(TARGET_NAME)";
				SWIFT_VERSION = 5.0;
				TARGETED_DEVICE_FAMILY = "1,2";
				TEST_HOST = "$(BUILT_PRODUCTS_DIR)/CoreDataProject.app/CoreDataProject";
			};
			name = Release;
		};
		FF25F276256DA15100B32A87 /* Debug */ = {
			isa = XCBuildConfiguration;
			buildSettings = {
				ALWAYS_EMBED_SWIFT_STANDARD_LIBRARIES = YES;
				CODE_SIGN_STYLE = Automatic;
				DEVELOPMENT_TEAM = 2Z33772VE8;
				INFOPLIST_FILE = CoreDataProjectUITests/Info.plist;
				LD_RUNPATH_SEARCH_PATHS = (
					"$(inherited)",
					"@executable_path/Frameworks",
					"@loader_path/Frameworks",
				);
				PRODUCT_BUNDLE_IDENTIFIER = com.averyvine.CoreDataProjectUITests;
				PRODUCT_NAME = "$(TARGET_NAME)";
				SWIFT_VERSION = 5.0;
				TARGETED_DEVICE_FAMILY = "1,2";
				TEST_TARGET_NAME = CoreDataProject;
			};
			name = Debug;
		};
		FF25F277256DA15100B32A87 /* Release */ = {
			isa = XCBuildConfiguration;
			buildSettings = {
				ALWAYS_EMBED_SWIFT_STANDARD_LIBRARIES = YES;
				CODE_SIGN_STYLE = Automatic;
				DEVELOPMENT_TEAM = 2Z33772VE8;
				INFOPLIST_FILE = CoreDataProjectUITests/Info.plist;
				LD_RUNPATH_SEARCH_PATHS = (
					"$(inherited)",
					"@executable_path/Frameworks",
					"@loader_path/Frameworks",
				);
				PRODUCT_BUNDLE_IDENTIFIER = com.averyvine.CoreDataProjectUITests;
				PRODUCT_NAME = "$(TARGET_NAME)";
				SWIFT_VERSION = 5.0;
				TARGETED_DEVICE_FAMILY = "1,2";
				TEST_TARGET_NAME = CoreDataProject;
			};
			name = Release;
		};
/* End XCBuildConfiguration section */

/* Begin XCConfigurationList section */
		FF25F240256DA14E00B32A87 /* Build configuration list for PBXProject "CoreDataProject" */ = {
			isa = XCConfigurationList;
			buildConfigurations = (
				FF25F26D256DA15100B32A87 /* Debug */,
				FF25F26E256DA15100B32A87 /* Release */,
			);
			defaultConfigurationIsVisible = 0;
			defaultConfigurationName = Release;
		};
		FF25F26F256DA15100B32A87 /* Build configuration list for PBXNativeTarget "CoreDataProject" */ = {
			isa = XCConfigurationList;
			buildConfigurations = (
				FF25F270256DA15100B32A87 /* Debug */,
				FF25F271256DA15100B32A87 /* Release */,
			);
			defaultConfigurationIsVisible = 0;
			defaultConfigurationName = Release;
		};
		FF25F272256DA15100B32A87 /* Build configuration list for PBXNativeTarget "CoreDataProjectTests" */ = {
			isa = XCConfigurationList;
			buildConfigurations = (
				FF25F273256DA15100B32A87 /* Debug */,
				FF25F274256DA15100B32A87 /* Release */,
			);
			defaultConfigurationIsVisible = 0;
			defaultConfigurationName = Release;
		};
		FF25F275256DA15100B32A87 /* Build configuration list for PBXNativeTarget "CoreDataProjectUITests" */ = {
			isa = XCConfigurationList;
			buildConfigurations = (
				FF25F276256DA15100B32A87 /* Debug */,
				FF25F277256DA15100B32A87 /* Release */,
			);
			defaultConfigurationIsVisible = 0;
			defaultConfigurationName = Release;
		};
/* End XCConfigurationList section */

/* Begin XCVersionGroup section */
		FF25F253256DA15000B32A87 /* CoreDataProject.xcdatamodeld */ = {
			isa = XCVersionGroup;
			children = (
				FF25F254256DA15000B32A87 /* CoreDataProject.xcdatamodel */,
			);
			currentVersion = FF25F254256DA15000B32A87 /* CoreDataProject.xcdatamodel */;
			path = CoreDataProject.xcdatamodeld;
			sourceTree = "<group>";
			versionGroupType = wrapper.xcdatamodel;
		};
/* End XCVersionGroup section */
	};
	rootObject = FF25F23D256DA14E00B32A87 /* Project object */;
}
